<?xml version="1.0" encoding="utf-8"?>
<Project ToolsVersion="4.0" xmlns="http://schemas.microsoft.com/developer/msbuild/2003">
  <ItemGroup>
    <Filter Include="Source Files">
      <UniqueIdentifier>{4FC737F1-C7A5-4376-A066-2A32D752A2FF}</UniqueIdentifier>
      <Extensions>cpp;c;cc;cxx;def;odl;idl;hpj;bat;asm;asmx</Extensions>
    </Filter>
    <Filter Include="Header Files">
      <UniqueIdentifier>{93995380-89BD-4b04-88EB-625FBE52EBFB}</UniqueIdentifier>
      <Extensions>h;hh;hpp;hxx;hm;inl;inc;ipp;xsd</Extensions>
    </Filter>
    <Filter Include="Resource Files">
      <UniqueIdentifier>{67DA6AB6-F800-4c08-8B7A-83BB121AAD01}</UniqueIdentifier>
      <Extensions>rc;ico;cur;bmp;dlg;rc2;rct;bin;rgs;gif;jpg;jpeg;jpe;resx;tiff;tif;png;wav;mfcribbon-ms</Extensions>
    </Filter>
    <Filter Include="Header Files\PrecompiledHeaders">
      <UniqueIdentifier>{2b88cc1c-2361-44e7-80cc-1a48e9d92ff9}</UniqueIdentifier>
    </Filter>
  </ItemGroup>
  <ItemGroup>
    <ClCompile Include="Main.cpp">
      <Filter>Source Files</Filter>
    </ClCompile>
    <ClCompile Include="Himani\Hpch.cpp">
      <Filter>Header Files\PrecompiledHeaders</Filter>
    </ClCompile>
  </ItemGroup>
  <ItemGroup>
    <ClInclude Include="Himani\Hpch.h">
      <Filter>Header Files\PrecompiledHeaders</Filter>
    </ClInclude>
    <ClInclude Include="Himani\Himani\Application.h">
      <Filter>Header Files</Filter>
    </ClInclude>
    <ClInclude Include="Himani\Himani\ControlsWin.h">
      <Filter>Header Files</Filter>
    </ClInclude>
    <ClInclude Include="Himani\Himani\Core.h">
      <Filter>Header Files</Filter>
    </ClInclude>
    <ClInclude Include="Himani\Himani\Dialogs.h">
      <Filter>Header Files</Filter>
    </ClInclude>
    <ClInclude Include="Himani\Himani\GDI.h">
      <Filter>Header Files</Filter>
    </ClInclude>
    <ClInclude Include="Himani\Himani\HBaseWin.h">
      <Filter>Header Files</Filter>
    </ClInclude>
    <ClInclude Include="Himani\Himani\Helpers.h">
      <Filter>Header Files</Filter>
    </ClInclude>
    <ClInclude Include="Himani\Himani\Input.h">
      <Filter>Header Files</Filter>
    </ClInclude>
    <ClInclude Include="Himani\Himani\Menu.h">
      <Filter>Header Files</Filter>
    </ClInclude>
    <ClInclude Include="Himani\Himani\Messages.h">
      <Filter>Header Files</Filter>
    </ClInclude>
    <ClInclude Include="Himani\Himani\PredefinedWin.h">
      <Filter>Header Files</Filter>
    </ClInclude>
    <ClInclude Include="Himani\Himani\SysMets.h">
      <Filter>Header Files</Filter>
    </ClInclude>
    <ClInclude Include="Himani\Himani\WinProc.h">
      <Filter>Header Files</Filter>
    </ClInclude>
    <ClInclude Include="Himani\Himani\Wrappers.h">
      <Filter>Header Files</Filter>
    </ClInclude>
    <ClInclude Include="Himani\Himani.h">
      <Filter>Header Files</Filter>
    </ClInclude>
  </ItemGroup>
</Project>